// !$*UTF8*$!
{
	archiveVersion = 1;
	classes = {
	};
	objectVersion = 55;
	objects = {

/* Begin PBXBuildFile section */
		2D3B76352843C0BA0047738E /* AppDelegate.swift in Sources */ = {isa = PBXBuildFile; fileRef = 2D3B76342843C0BA0047738E /* AppDelegate.swift */; };
		2D3B763E2843C0BA0047738E /* Assets.xcassets in Resources */ = {isa = PBXBuildFile; fileRef = 2D3B763D2843C0BA0047738E /* Assets.xcassets */; };
		2D3B76412843C0BA0047738E /* LaunchScreen.storyboard in Resources */ = {isa = PBXBuildFile; fileRef = 2D3B763F2843C0BA0047738E /* LaunchScreen.storyboard */; };
		2D3B764C2843C0BA0047738E /* MarvelTests.swift in Sources */ = {isa = PBXBuildFile; fileRef = 2D3B764B2843C0BA0047738E /* MarvelTests.swift */; };
		2D3B76562843C0BA0047738E /* MarvelUITests.swift in Sources */ = {isa = PBXBuildFile; fileRef = 2D3B76552843C0BA0047738E /* MarvelUITests.swift */; };
		2D3B76582843C0BA0047738E /* MarvelUITestsLaunchTests.swift in Sources */ = {isa = PBXBuildFile; fileRef = 2D3B76572843C0BA0047738E /* MarvelUITestsLaunchTests.swift */; };
		2D3B766B2843C2D90047738E /* MarvelListViewController.swift in Sources */ = {isa = PBXBuildFile; fileRef = 2D3B766A2843C2D90047738E /* MarvelListViewController.swift */; };
		2D6882F12843DC0700295B2E /* NetworkService.swift in Sources */ = {isa = PBXBuildFile; fileRef = 2D6882EC2843DC0700295B2E /* NetworkService.swift */; };
		2D6882F22843DC0700295B2E /* DataRequest.swift in Sources */ = {isa = PBXBuildFile; fileRef = 2D6882ED2843DC0700295B2E /* DataRequest.swift */; };
		2D6882F32843DC0700295B2E /* ErrorResponse.swift in Sources */ = {isa = PBXBuildFile; fileRef = 2D6882EE2843DC0700295B2E /* ErrorResponse.swift */; };
		2D6882F62843E1DB00295B2E /* String+Extensions.swift in Sources */ = {isa = PBXBuildFile; fileRef = 2D6882F52843E1DB00295B2E /* String+Extensions.swift */; };
		2D6882F82843E56300295B2E /* CharactersWebService.swift in Sources */ = {isa = PBXBuildFile; fileRef = 2D6882F72843E56300295B2E /* CharactersWebService.swift */; };
		2D6882FB2843F8C400295B2E /* Character.swift in Sources */ = {isa = PBXBuildFile; fileRef = 2D6882FA2843F8C400295B2E /* Character.swift */; };
		2D6883042843F9ED00295B2E /* MarvelParameter.swift in Sources */ = {isa = PBXBuildFile; fileRef = 2D6882FD2843F9ED00295B2E /* MarvelParameter.swift */; };
		2D6883052843F9ED00295B2E /* MarvelPaginator.swift in Sources */ = {isa = PBXBuildFile; fileRef = 2D6882FE2843F9ED00295B2E /* MarvelPaginator.swift */; };
		2D6883062843F9ED00295B2E /* Parameter.swift in Sources */ = {isa = PBXBuildFile; fileRef = 2D6882FF2843F9ED00295B2E /* Parameter.swift */; };
		2D6883082843F9ED00295B2E /* MarvelResponse.swift in Sources */ = {isa = PBXBuildFile; fileRef = 2D6883012843F9ED00295B2E /* MarvelResponse.swift */; };
		2D6883092843F9ED00295B2E /* MarvelError.swift in Sources */ = {isa = PBXBuildFile; fileRef = 2D6883022843F9ED00295B2E /* MarvelError.swift */; };
		2D68830A2843F9ED00295B2E /* Identifiable.swift in Sources */ = {isa = PBXBuildFile; fileRef = 2D6883032843F9ED00295B2E /* Identifiable.swift */; };
		2D68830D2843FA4900295B2E /* API_Constants.swift in Sources */ = {isa = PBXBuildFile; fileRef = 2D68830C2843FA4900295B2E /* API_Constants.swift */; };
		2D6883162843FE9200295B2E /* Configuration.swift in Sources */ = {isa = PBXBuildFile; fileRef = 2D6883152843FE9200295B2E /* Configuration.swift */; };
/* End PBXBuildFile section */

/* Begin PBXContainerItemProxy section */
		2D3B76482843C0BA0047738E /* PBXContainerItemProxy */ = {
			isa = PBXContainerItemProxy;
			containerPortal = 2D3B76292843C0BA0047738E /* Project object */;
			proxyType = 1;
			remoteGlobalIDString = 2D3B76302843C0BA0047738E;
			remoteInfo = Marvel;
		};
		2D3B76522843C0BA0047738E /* PBXContainerItemProxy */ = {
			isa = PBXContainerItemProxy;
			containerPortal = 2D3B76292843C0BA0047738E /* Project object */;
			proxyType = 1;
			remoteGlobalIDString = 2D3B76302843C0BA0047738E;
			remoteInfo = Marvel;
		};
/* End PBXContainerItemProxy section */

/* Begin PBXFileReference section */
		2D3B76312843C0BA0047738E /* Marvel.app */ = {isa = PBXFileReference; explicitFileType = wrapper.application; includeInIndex = 0; path = Marvel.app; sourceTree = BUILT_PRODUCTS_DIR; };
		2D3B76342843C0BA0047738E /* AppDelegate.swift */ = {isa = PBXFileReference; lastKnownFileType = sourcecode.swift; path = AppDelegate.swift; sourceTree = "<group>"; };
		2D3B763D2843C0BA0047738E /* Assets.xcassets */ = {isa = PBXFileReference; lastKnownFileType = folder.assetcatalog; path = Assets.xcassets; sourceTree = "<group>"; };
		2D3B76402843C0BA0047738E /* Base */ = {isa = PBXFileReference; lastKnownFileType = file.storyboard; name = Base; path = Base.lproj/LaunchScreen.storyboard; sourceTree = "<group>"; };
		2D3B76422843C0BA0047738E /* Info.plist */ = {isa = PBXFileReference; lastKnownFileType = text.plist.xml; path = Info.plist; sourceTree = "<group>"; };
		2D3B76472843C0BA0047738E /* MarvelTests.xctest */ = {isa = PBXFileReference; explicitFileType = wrapper.cfbundle; includeInIndex = 0; path = MarvelTests.xctest; sourceTree = BUILT_PRODUCTS_DIR; };
		2D3B764B2843C0BA0047738E /* MarvelTests.swift */ = {isa = PBXFileReference; lastKnownFileType = sourcecode.swift; path = MarvelTests.swift; sourceTree = "<group>"; };
		2D3B76512843C0BA0047738E /* MarvelUITests.xctest */ = {isa = PBXFileReference; explicitFileType = wrapper.cfbundle; includeInIndex = 0; path = MarvelUITests.xctest; sourceTree = BUILT_PRODUCTS_DIR; };
		2D3B76552843C0BA0047738E /* MarvelUITests.swift */ = {isa = PBXFileReference; lastKnownFileType = sourcecode.swift; path = MarvelUITests.swift; sourceTree = "<group>"; };
		2D3B76572843C0BA0047738E /* MarvelUITestsLaunchTests.swift */ = {isa = PBXFileReference; lastKnownFileType = sourcecode.swift; path = MarvelUITestsLaunchTests.swift; sourceTree = "<group>"; };
		2D3B766A2843C2D90047738E /* MarvelListViewController.swift */ = {isa = PBXFileReference; lastKnownFileType = sourcecode.swift; path = MarvelListViewController.swift; sourceTree = "<group>"; };
		2D6882EC2843DC0700295B2E /* NetworkService.swift */ = {isa = PBXFileReference; fileEncoding = 4; lastKnownFileType = sourcecode.swift; path = NetworkService.swift; sourceTree = "<group>"; };
		2D6882ED2843DC0700295B2E /* DataRequest.swift */ = {isa = PBXFileReference; fileEncoding = 4; lastKnownFileType = sourcecode.swift; path = DataRequest.swift; sourceTree = "<group>"; };
		2D6882EE2843DC0700295B2E /* ErrorResponse.swift */ = {isa = PBXFileReference; fileEncoding = 4; lastKnownFileType = sourcecode.swift; path = ErrorResponse.swift; sourceTree = "<group>"; };
		2D6882F52843E1DB00295B2E /* String+Extensions.swift */ = {isa = PBXFileReference; lastKnownFileType = sourcecode.swift; path = "String+Extensions.swift"; sourceTree = "<group>"; };
		2D6882F72843E56300295B2E /* CharactersWebService.swift */ = {isa = PBXFileReference; lastKnownFileType = sourcecode.swift; path = CharactersWebService.swift; sourceTree = "<group>"; };
		2D6882FA2843F8C400295B2E /* Character.swift */ = {isa = PBXFileReference; lastKnownFileType = sourcecode.swift; path = Character.swift; sourceTree = "<group>"; };
		2D6882FD2843F9ED00295B2E /* MarvelParameter.swift */ = {isa = PBXFileReference; fileEncoding = 4; lastKnownFileType = sourcecode.swift; path = MarvelParameter.swift; sourceTree = "<group>"; };
		2D6882FE2843F9ED00295B2E /* MarvelPaginator.swift */ = {isa = PBXFileReference; fileEncoding = 4; lastKnownFileType = sourcecode.swift; path = MarvelPaginator.swift; sourceTree = "<group>"; };
		2D6882FF2843F9ED00295B2E /* Parameter.swift */ = {isa = PBXFileReference; fileEncoding = 4; lastKnownFileType = sourcecode.swift; path = Parameter.swift; sourceTree = "<group>"; };
		2D6883012843F9ED00295B2E /* MarvelResponse.swift */ = {isa = PBXFileReference; fileEncoding = 4; lastKnownFileType = sourcecode.swift; path = MarvelResponse.swift; sourceTree = "<group>"; };
		2D6883022843F9ED00295B2E /* MarvelError.swift */ = {isa = PBXFileReference; fileEncoding = 4; lastKnownFileType = sourcecode.swift; path = MarvelError.swift; sourceTree = "<group>"; };
		2D6883032843F9ED00295B2E /* Identifiable.swift */ = {isa = PBXFileReference; fileEncoding = 4; lastKnownFileType = sourcecode.swift; path = Identifiable.swift; sourceTree = "<group>"; };
		2D68830C2843FA4900295B2E /* API_Constants.swift */ = {isa = PBXFileReference; lastKnownFileType = sourcecode.swift; path = API_Constants.swift; sourceTree = "<group>"; };
		2D68830F2843FD1900295B2E /* Default.xcconfig */ = {isa = PBXFileReference; lastKnownFileType = text.xcconfig; path = Default.xcconfig; sourceTree = "<group>"; };
		2D6883112843FDEB00295B2E /* Release.xcconfig */ = {isa = PBXFileReference; lastKnownFileType = text.xcconfig; path = Release.xcconfig; sourceTree = "<group>"; };
		2D6883142843FE1F00295B2E /* Debug.xcconfig */ = {isa = PBXFileReference; lastKnownFileType = text.xcconfig; path = Debug.xcconfig; sourceTree = "<group>"; };
		2D6883152843FE9200295B2E /* Configuration.swift */ = {isa = PBXFileReference; lastKnownFileType = sourcecode.swift; path = Configuration.swift; sourceTree = "<group>"; };
/* End PBXFileReference section */

/* Begin PBXFrameworksBuildPhase section */
		2D3B762E2843C0BA0047738E /* Frameworks */ = {
			isa = PBXFrameworksBuildPhase;
			buildActionMask = 2147483647;
			files = (
			);
			runOnlyForDeploymentPostprocessing = 0;
		};
		2D3B76442843C0BA0047738E /* Frameworks */ = {
			isa = PBXFrameworksBuildPhase;
			buildActionMask = 2147483647;
			files = (
			);
			runOnlyForDeploymentPostprocessing = 0;
		};
		2D3B764E2843C0BA0047738E /* Frameworks */ = {
			isa = PBXFrameworksBuildPhase;
			buildActionMask = 2147483647;
			files = (
			);
			runOnlyForDeploymentPostprocessing = 0;
		};
/* End PBXFrameworksBuildPhase section */

/* Begin PBXGroup section */
		2D3B76282843C0BA0047738E = {
			isa = PBXGroup;
			children = (
				2D3B76332843C0BA0047738E /* Marvel */,
				2D3B764A2843C0BA0047738E /* MarvelTests */,
				2D3B76542843C0BA0047738E /* MarvelUITests */,
				2D3B76322843C0BA0047738E /* Products */,
			);
			sourceTree = "<group>";
		};
		2D3B76322843C0BA0047738E /* Products */ = {
			isa = PBXGroup;
			children = (
				2D3B76312843C0BA0047738E /* Marvel.app */,
				2D3B76472843C0BA0047738E /* MarvelTests.xctest */,
				2D3B76512843C0BA0047738E /* MarvelUITests.xctest */,
			);
			name = Products;
			sourceTree = "<group>";
		};
		2D3B76332843C0BA0047738E /* Marvel */ = {
			isa = PBXGroup;
			children = (
				2D68830E2843FCCC00295B2E /* Common Setup */,
				2D6882F42843E1CF00295B2E /* Swift Extensions */,
				2D6882E72843DC0700295B2E /* NetworkLayer */,
				2D3B766E2843C6C00047738E /* Data Layer */,
				2D3B766D2843C6B60047738E /* BusinessLogic Layer */,
				2D3B766C2843C6B20047738E /* Service Layer */,
				2D3B76642843C15F0047738E /* Presentation Layer */,
				2D3B763D2843C0BA0047738E /* Assets.xcassets */,
				2D3B76422843C0BA0047738E /* Info.plist */,
			);
			path = Marvel;
			sourceTree = "<group>";
		};
		2D3B764A2843C0BA0047738E /* MarvelTests */ = {
			isa = PBXGroup;
			children = (
				2D3B764B2843C0BA0047738E /* MarvelTests.swift */,
			);
			path = MarvelTests;
			sourceTree = "<group>";
		};
		2D3B76542843C0BA0047738E /* MarvelUITests */ = {
			isa = PBXGroup;
			children = (
				2D3B76552843C0BA0047738E /* MarvelUITests.swift */,
				2D3B76572843C0BA0047738E /* MarvelUITestsLaunchTests.swift */,
			);
			path = MarvelUITests;
			sourceTree = "<group>";
		};
		2D3B76642843C15F0047738E /* Presentation Layer */ = {
			isa = PBXGroup;
			children = (
				2D3B76682843C1C40047738E /* UIKit Extensions */,
				2D3B76672843C1BA0047738E /* CustomViews */,
				2D3B76662843C1AC0047738E /* Storyboards */,
				2D3B76652843C1A00047738E /* UIViewControllers */,
				2D3B76342843C0BA0047738E /* AppDelegate.swift */,
			);
			path = "Presentation Layer";
			sourceTree = "<group>";
		};
		2D3B76652843C1A00047738E /* UIViewControllers */ = {
			isa = PBXGroup;
			children = (
				2D3B76692843C2BF0047738E /* Marvel List */,
			);
			path = UIViewControllers;
			sourceTree = "<group>";
		};
		2D3B76662843C1AC0047738E /* Storyboards */ = {
			isa = PBXGroup;
			children = (
				2D3B763F2843C0BA0047738E /* LaunchScreen.storyboard */,
			);
			path = Storyboards;
			sourceTree = "<group>";
		};
		2D3B76672843C1BA0047738E /* CustomViews */ = {
			isa = PBXGroup;
			children = (
			);
			path = CustomViews;
			sourceTree = "<group>";
		};
		2D3B76682843C1C40047738E /* UIKit Extensions */ = {
			isa = PBXGroup;
			children = (
			);
			path = "UIKit Extensions";
			sourceTree = "<group>";
		};
		2D3B76692843C2BF0047738E /* Marvel List */ = {
			isa = PBXGroup;
			children = (
				2D3B766A2843C2D90047738E /* MarvelListViewController.swift */,
			);
			path = "Marvel List";
			sourceTree = "<group>";
		};
		2D3B766C2843C6B20047738E /* Service Layer */ = {
			isa = PBXGroup;
			children = (
			);
			path = "Service Layer";
			sourceTree = "<group>";
		};
		2D3B766D2843C6B60047738E /* BusinessLogic Layer */ = {
			isa = PBXGroup;
			children = (
			);
			path = "BusinessLogic Layer";
			sourceTree = "<group>";
		};
		2D3B766E2843C6C00047738E /* Data Layer */ = {
			isa = PBXGroup;
			children = (
				2D6882FC2843F9ED00295B2E /* Commons */,
				2D6882F92843F8BF00295B2E /* Model */,
			);
			path = "Data Layer";
			sourceTree = "<group>";
		};
		2D6882E72843DC0700295B2E /* NetworkLayer */ = {
			isa = PBXGroup;
			children = (
				2D68830B2843FA3300295B2E /* API_Constants */,
				2D6882E82843DC0700295B2E /* WebServices */,
				2D6882EB2843DC0700295B2E /* Setup */,
			);
			path = NetworkLayer;
			sourceTree = "<group>";
		};
		2D6882E82843DC0700295B2E /* WebServices */ = {
			isa = PBXGroup;
			children = (
				2D6882F72843E56300295B2E /* CharactersWebService.swift */,
			);
			path = WebServices;
			sourceTree = "<group>";
		};
		2D6882EB2843DC0700295B2E /* Setup */ = {
			isa = PBXGroup;
			children = (
				2D6882EC2843DC0700295B2E /* NetworkService.swift */,
				2D6882ED2843DC0700295B2E /* DataRequest.swift */,
				2D6882EE2843DC0700295B2E /* ErrorResponse.swift */,
			);
			path = Setup;
			sourceTree = "<group>";
		};
		2D6882F42843E1CF00295B2E /* Swift Extensions */ = {
			isa = PBXGroup;
			children = (
				2D6882F52843E1DB00295B2E /* String+Extensions.swift */,
			);
			path = "Swift Extensions";
			sourceTree = "<group>";
		};
		2D6882F92843F8BF00295B2E /* Model */ = {
			isa = PBXGroup;
			children = (
				2D6882FA2843F8C400295B2E /* Character.swift */,
			);
			path = Model;
			sourceTree = "<group>";
		};
		2D6882FC2843F9ED00295B2E /* Commons */ = {
			isa = PBXGroup;
			children = (
				2D6882FD2843F9ED00295B2E /* MarvelParameter.swift */,
				2D6882FE2843F9ED00295B2E /* MarvelPaginator.swift */,
				2D6882FF2843F9ED00295B2E /* Parameter.swift */,
				2D6883012843F9ED00295B2E /* MarvelResponse.swift */,
				2D6883022843F9ED00295B2E /* MarvelError.swift */,
				2D6883032843F9ED00295B2E /* Identifiable.swift */,
			);
			path = Commons;
			sourceTree = "<group>";
		};
		2D68830B2843FA3300295B2E /* API_Constants */ = {
			isa = PBXGroup;
			children = (
				2D68830C2843FA4900295B2E /* API_Constants.swift */,
			);
			path = API_Constants;
			sourceTree = "<group>";
		};
		2D68830E2843FCCC00295B2E /* Common Setup */ = {
			isa = PBXGroup;
			children = (
				2D6883102843FDC400295B2E /* Configurations */,
			);
			path = "Common Setup";
			sourceTree = "<group>";
		};
		2D6883102843FDC400295B2E /* Configurations */ = {
			isa = PBXGroup;
			children = (
				2D68830F2843FD1900295B2E /* Default.xcconfig */,
				2D6883112843FDEB00295B2E /* Release.xcconfig */,
				2D6883142843FE1F00295B2E /* Debug.xcconfig */,
				2D6883152843FE9200295B2E /* Configuration.swift */,
			);
			path = Configurations;
			sourceTree = "<group>";
		};
/* End PBXGroup section */

/* Begin PBXNativeTarget section */
		2D3B76302843C0BA0047738E /* Marvel */ = {
			isa = PBXNativeTarget;
			buildConfigurationList = 2D3B765B2843C0BA0047738E /* Build configuration list for PBXNativeTarget "Marvel" */;
			buildPhases = (
				2D3B762D2843C0BA0047738E /* Sources */,
				2D3B762E2843C0BA0047738E /* Frameworks */,
				2D3B762F2843C0BA0047738E /* Resources */,
			);
			buildRules = (
			);
			dependencies = (
			);
			name = Marvel;
			productName = Marvel;
			productReference = 2D3B76312843C0BA0047738E /* Marvel.app */;
			productType = "com.apple.product-type.application";
		};
		2D3B76462843C0BA0047738E /* MarvelTests */ = {
			isa = PBXNativeTarget;
			buildConfigurationList = 2D3B765E2843C0BA0047738E /* Build configuration list for PBXNativeTarget "MarvelTests" */;
			buildPhases = (
				2D3B76432843C0BA0047738E /* Sources */,
				2D3B76442843C0BA0047738E /* Frameworks */,
				2D3B76452843C0BA0047738E /* Resources */,
			);
			buildRules = (
			);
			dependencies = (
				2D3B76492843C0BA0047738E /* PBXTargetDependency */,
			);
			name = MarvelTests;
			productName = MarvelTests;
			productReference = 2D3B76472843C0BA0047738E /* MarvelTests.xctest */;
			productType = "com.apple.product-type.bundle.unit-test";
		};
		2D3B76502843C0BA0047738E /* MarvelUITests */ = {
			isa = PBXNativeTarget;
			buildConfigurationList = 2D3B76612843C0BA0047738E /* Build configuration list for PBXNativeTarget "MarvelUITests" */;
			buildPhases = (
				2D3B764D2843C0BA0047738E /* Sources */,
				2D3B764E2843C0BA0047738E /* Frameworks */,
				2D3B764F2843C0BA0047738E /* Resources */,
			);
			buildRules = (
			);
			dependencies = (
				2D3B76532843C0BA0047738E /* PBXTargetDependency */,
			);
			name = MarvelUITests;
			productName = MarvelUITests;
			productReference = 2D3B76512843C0BA0047738E /* MarvelUITests.xctest */;
			productType = "com.apple.product-type.bundle.ui-testing";
		};
/* End PBXNativeTarget section */

/* Begin PBXProject section */
		2D3B76292843C0BA0047738E /* Project object */ = {
			isa = PBXProject;
			attributes = {
				BuildIndependentTargetsInParallel = 1;
				LastSwiftUpdateCheck = 1330;
				LastUpgradeCheck = 1330;
				TargetAttributes = {
					2D3B76302843C0BA0047738E = {
						CreatedOnToolsVersion = 13.3.1;
					};
					2D3B76462843C0BA0047738E = {
						CreatedOnToolsVersion = 13.3.1;
						TestTargetID = 2D3B76302843C0BA0047738E;
					};
					2D3B76502843C0BA0047738E = {
						CreatedOnToolsVersion = 13.3.1;
						TestTargetID = 2D3B76302843C0BA0047738E;
					};
				};
			};
			buildConfigurationList = 2D3B762C2843C0BA0047738E /* Build configuration list for PBXProject "Marvel" */;
			compatibilityVersion = "Xcode 13.0";
			developmentRegion = en;
			hasScannedForEncodings = 0;
			knownRegions = (
				en,
				Base,
			);
			mainGroup = 2D3B76282843C0BA0047738E;
			productRefGroup = 2D3B76322843C0BA0047738E /* Products */;
			projectDirPath = "";
			projectRoot = "";
			targets = (
				2D3B76302843C0BA0047738E /* Marvel */,
				2D3B76462843C0BA0047738E /* MarvelTests */,
				2D3B76502843C0BA0047738E /* MarvelUITests */,
			);
		};
/* End PBXProject section */

/* Begin PBXResourcesBuildPhase section */
		2D3B762F2843C0BA0047738E /* Resources */ = {
			isa = PBXResourcesBuildPhase;
			buildActionMask = 2147483647;
			files = (
				2D3B76412843C0BA0047738E /* LaunchScreen.storyboard in Resources */,
				2D3B763E2843C0BA0047738E /* Assets.xcassets in Resources */,
			);
			runOnlyForDeploymentPostprocessing = 0;
		};
		2D3B76452843C0BA0047738E /* Resources */ = {
			isa = PBXResourcesBuildPhase;
			buildActionMask = 2147483647;
			files = (
			);
			runOnlyForDeploymentPostprocessing = 0;
		};
		2D3B764F2843C0BA0047738E /* Resources */ = {
			isa = PBXResourcesBuildPhase;
			buildActionMask = 2147483647;
			files = (
			);
			runOnlyForDeploymentPostprocessing = 0;
		};
/* End PBXResourcesBuildPhase section */

/* Begin PBXSourcesBuildPhase section */
		2D3B762D2843C0BA0047738E /* Sources */ = {
			isa = PBXSourcesBuildPhase;
			buildActionMask = 2147483647;
			files = (
				2D6882F22843DC0700295B2E /* DataRequest.swift in Sources */,
				2D3B766B2843C2D90047738E /* MarvelListViewController.swift in Sources */,
				2D3B76352843C0BA0047738E /* AppDelegate.swift in Sources */,
				2D6883082843F9ED00295B2E /* MarvelResponse.swift in Sources */,
				2D68830D2843FA4900295B2E /* API_Constants.swift in Sources */,
				2D6882F12843DC0700295B2E /* NetworkService.swift in Sources */,
				2D6883162843FE9200295B2E /* Configuration.swift in Sources */,
				2D6883042843F9ED00295B2E /* MarvelParameter.swift in Sources */,
				2D6882F62843E1DB00295B2E /* String+Extensions.swift in Sources */,
				2D6882F82843E56300295B2E /* CharactersWebService.swift in Sources */,
				2D6882F32843DC0700295B2E /* ErrorResponse.swift in Sources */,
				2D6883052843F9ED00295B2E /* MarvelPaginator.swift in Sources */,
				2D6883062843F9ED00295B2E /* Parameter.swift in Sources */,
				2D6882FB2843F8C400295B2E /* Character.swift in Sources */,
				2D68830A2843F9ED00295B2E /* Identifiable.swift in Sources */,
				2D6883092843F9ED00295B2E /* MarvelError.swift in Sources */,
			);
			runOnlyForDeploymentPostprocessing = 0;
		};
		2D3B76432843C0BA0047738E /* Sources */ = {
			isa = PBXSourcesBuildPhase;
			buildActionMask = 2147483647;
			files = (
				2D3B764C2843C0BA0047738E /* MarvelTests.swift in Sources */,
			);
			runOnlyForDeploymentPostprocessing = 0;
		};
		2D3B764D2843C0BA0047738E /* Sources */ = {
			isa = PBXSourcesBuildPhase;
			buildActionMask = 2147483647;
			files = (
				2D3B76562843C0BA0047738E /* MarvelUITests.swift in Sources */,
				2D3B76582843C0BA0047738E /* MarvelUITestsLaunchTests.swift in Sources */,
			);
			runOnlyForDeploymentPostprocessing = 0;
		};
/* End PBXSourcesBuildPhase section */

/* Begin PBXTargetDependency section */
		2D3B76492843C0BA0047738E /* PBXTargetDependency */ = {
			isa = PBXTargetDependency;
			target = 2D3B76302843C0BA0047738E /* Marvel */;
			targetProxy = 2D3B76482843C0BA0047738E /* PBXContainerItemProxy */;
		};
		2D3B76532843C0BA0047738E /* PBXTargetDependency */ = {
			isa = PBXTargetDependency;
			target = 2D3B76302843C0BA0047738E /* Marvel */;
			targetProxy = 2D3B76522843C0BA0047738E /* PBXContainerItemProxy */;
		};
/* End PBXTargetDependency section */

/* Begin PBXVariantGroup section */
		2D3B763F2843C0BA0047738E /* LaunchScreen.storyboard */ = {
			isa = PBXVariantGroup;
			children = (
				2D3B76402843C0BA0047738E /* Base */,
			);
			name = LaunchScreen.storyboard;
			sourceTree = "<group>";
		};
/* End PBXVariantGroup section */

/* Begin XCBuildConfiguration section */
		2D3B76592843C0BA0047738E /* Debug */ = {
			isa = XCBuildConfiguration;
			baseConfigurationReference = 2D6883142843FE1F00295B2E /* Debug.xcconfig */;
			buildSettings = {
				ALWAYS_SEARCH_USER_PATHS = NO;
				CLANG_ANALYZER_NONNULL = YES;
				CLANG_ANALYZER_NUMBER_OBJECT_CONVERSION = YES_AGGRESSIVE;
				CLANG_CXX_LANGUAGE_STANDARD = "gnu++17";
				CLANG_ENABLE_MODULES = YES;
				CLANG_ENABLE_OBJC_ARC = YES;
				CLANG_ENABLE_OBJC_WEAK = YES;
				CLANG_WARN_BLOCK_CAPTURE_AUTORELEASING = YES;
				CLANG_WARN_BOOL_CONVERSION = YES;
				CLANG_WARN_COMMA = YES;
				CLANG_WARN_CONSTANT_CONVERSION = YES;
				CLANG_WARN_DEPRECATED_OBJC_IMPLEMENTATIONS = YES;
				CLANG_WARN_DIRECT_OBJC_ISA_USAGE = YES_ERROR;
				CLANG_WARN_DOCUMENTATION_COMMENTS = YES;
				CLANG_WARN_EMPTY_BODY = YES;
				CLANG_WARN_ENUM_CONVERSION = YES;
				CLANG_WARN_INFINITE_RECURSION = YES;
				CLANG_WARN_INT_CONVERSION = YES;
				CLANG_WARN_NON_LITERAL_NULL_CONVERSION = YES;
				CLANG_WARN_OBJC_IMPLICIT_RETAIN_SELF = YES;
				CLANG_WARN_OBJC_LITERAL_CONVERSION = YES;
				CLANG_WARN_OBJC_ROOT_CLASS = YES_ERROR;
				CLANG_WARN_QUOTED_INCLUDE_IN_FRAMEWORK_HEADER = YES;
				CLANG_WARN_RANGE_LOOP_ANALYSIS = YES;
				CLANG_WARN_STRICT_PROTOTYPES = YES;
				CLANG_WARN_SUSPICIOUS_MOVE = YES;
				CLANG_WARN_UNGUARDED_AVAILABILITY = YES_AGGRESSIVE;
				CLANG_WARN_UNREACHABLE_CODE = YES;
				CLANG_WARN__DUPLICATE_METHOD_MATCH = YES;
				COPY_PHASE_STRIP = NO;
				DEBUG_INFORMATION_FORMAT = dwarf;
				ENABLE_STRICT_OBJC_MSGSEND = YES;
				ENABLE_TESTABILITY = YES;
				GCC_C_LANGUAGE_STANDARD = gnu11;
				GCC_DYNAMIC_NO_PIC = NO;
				GCC_NO_COMMON_BLOCKS = YES;
				GCC_OPTIMIZATION_LEVEL = 0;
				GCC_PREPROCESSOR_DEFINITIONS = (
					"DEBUG=1",
					"$(inherited)",
				);
				GCC_WARN_64_TO_32_BIT_CONVERSION = YES;
				GCC_WARN_ABOUT_RETURN_TYPE = YES_ERROR;
				GCC_WARN_UNDECLARED_SELECTOR = YES;
				GCC_WARN_UNINITIALIZED_AUTOS = YES_AGGRESSIVE;
				GCC_WARN_UNUSED_FUNCTION = YES;
				GCC_WARN_UNUSED_VARIABLE = YES;
				IPHONEOS_DEPLOYMENT_TARGET = 15.4;
				MTL_ENABLE_DEBUG_INFO = INCLUDE_SOURCE;
				MTL_FAST_MATH = YES;
				ONLY_ACTIVE_ARCH = YES;
				SDKROOT = iphoneos;
				SWIFT_ACTIVE_COMPILATION_CONDITIONS = DEBUG;
				SWIFT_OPTIMIZATION_LEVEL = "-Onone";
			};
			name = Debug;
		};
		2D3B765A2843C0BA0047738E /* Release */ = {
			isa = XCBuildConfiguration;
			baseConfigurationReference = 2D6883112843FDEB00295B2E /* Release.xcconfig */;
			buildSettings = {
				ALWAYS_SEARCH_USER_PATHS = NO;
				CLANG_ANALYZER_NONNULL = YES;
				CLANG_ANALYZER_NUMBER_OBJECT_CONVERSION = YES_AGGRESSIVE;
				CLANG_CXX_LANGUAGE_STANDARD = "gnu++17";
				CLANG_ENABLE_MODULES = YES;
				CLANG_ENABLE_OBJC_ARC = YES;
				CLANG_ENABLE_OBJC_WEAK = YES;
				CLANG_WARN_BLOCK_CAPTURE_AUTORELEASING = YES;
				CLANG_WARN_BOOL_CONVERSION = YES;
				CLANG_WARN_COMMA = YES;
				CLANG_WARN_CONSTANT_CONVERSION = YES;
				CLANG_WARN_DEPRECATED_OBJC_IMPLEMENTATIONS = YES;
				CLANG_WARN_DIRECT_OBJC_ISA_USAGE = YES_ERROR;
				CLANG_WARN_DOCUMENTATION_COMMENTS = YES;
				CLANG_WARN_EMPTY_BODY = YES;
				CLANG_WARN_ENUM_CONVERSION = YES;
				CLANG_WARN_INFINITE_RECURSION = YES;
				CLANG_WARN_INT_CONVERSION = YES;
				CLANG_WARN_NON_LITERAL_NULL_CONVERSION = YES;
				CLANG_WARN_OBJC_IMPLICIT_RETAIN_SELF = YES;
				CLANG_WARN_OBJC_LITERAL_CONVERSION = YES;
				CLANG_WARN_OBJC_ROOT_CLASS = YES_ERROR;
				CLANG_WARN_QUOTED_INCLUDE_IN_FRAMEWORK_HEADER = YES;
				CLANG_WARN_RANGE_LOOP_ANALYSIS = YES;
				CLANG_WARN_STRICT_PROTOTYPES = YES;
				CLANG_WARN_SUSPICIOUS_MOVE = YES;
				CLANG_WARN_UNGUARDED_AVAILABILITY = YES_AGGRESSIVE;
				CLANG_WARN_UNREACHABLE_CODE = YES;
				CLANG_WARN__DUPLICATE_METHOD_MATCH = YES;
				COPY_PHASE_STRIP = NO;
				DEBUG_INFORMATION_FORMAT = "dwarf-with-dsym";
				ENABLE_NS_ASSERTIONS = NO;
				ENABLE_STRICT_OBJC_MSGSEND = YES;
				GCC_C_LANGUAGE_STANDARD = gnu11;
				GCC_NO_COMMON_BLOCKS = YES;
				GCC_WARN_64_TO_32_BIT_CONVERSION = YES;
				GCC_WARN_ABOUT_RETURN_TYPE = YES_ERROR;
				GCC_WARN_UNDECLARED_SELECTOR = YES;
				GCC_WARN_UNINITIALIZED_AUTOS = YES_AGGRESSIVE;
				GCC_WARN_UNUSED_FUNCTION = YES;
				GCC_WARN_UNUSED_VARIABLE = YES;
				IPHONEOS_DEPLOYMENT_TARGET = 15.4;
				MTL_ENABLE_DEBUG_INFO = NO;
				MTL_FAST_MATH = YES;
				SDKROOT = iphoneos;
				SWIFT_COMPILATION_MODE = wholemodule;
				SWIFT_OPTIMIZATION_LEVEL = "-O";
				VALIDATE_PRODUCT = YES;
			};
			name = Release;
		};
		2D3B765C2843C0BA0047738E /* Debug */ = {
			isa = XCBuildConfiguration;
			baseConfigurationReference = 2D6883142843FE1F00295B2E /* Debug.xcconfig */;
			buildSettings = {
				ASSETCATALOG_COMPILER_APPICON_NAME = AppIcon;
				ASSETCATALOG_COMPILER_GLOBAL_ACCENT_COLOR_NAME = AccentColor;
				CODE_SIGN_STYLE = Automatic;
				CURRENT_PROJECT_VERSION = 1;
				GENERATE_INFOPLIST_FILE = YES;
				INFOPLIST_FILE = Marvel/Info.plist;
				INFOPLIST_KEY_UIApplicationSupportsIndirectInputEvents = YES;
				INFOPLIST_KEY_UILaunchStoryboardName = LaunchScreen;
				INFOPLIST_KEY_UISupportedInterfaceOrientations_iPad = "UIInterfaceOrientationPortrait UIInterfaceOrientationPortraitUpsideDown UIInterfaceOrientationLandscapeLeft UIInterfaceOrientationLandscapeRight";
				INFOPLIST_KEY_UISupportedInterfaceOrientations_iPhone = "UIInterfaceOrientationPortrait UIInterfaceOrientationLandscapeLeft UIInterfaceOrientationLandscapeRight";
				LD_RUNPATH_SEARCH_PATHS = (
					"$(inherited)",
					"@executable_path/Frameworks",
				);
				MARKETING_VERSION = 1.0;
				PRODUCT_BUNDLE_IDENTIFIER = com.atabany.Marvel;
				PRODUCT_NAME = "$(TARGET_NAME)";
				SWIFT_EMIT_LOC_STRINGS = YES;
				SWIFT_VERSION = 5.0;
				TARGETED_DEVICE_FAMILY = "1,2";
			};
			name = Debug;
		};
		2D3B765D2843C0BA0047738E /* Release */ = {
			isa = XCBuildConfiguration;
			baseConfigurationReference = 2D6883112843FDEB00295B2E /* Release.xcconfig */;
			buildSettings = {
				ASSETCATALOG_COMPILER_APPICON_NAME = AppIcon;
				ASSETCATALOG_COMPILER_GLOBAL_ACCENT_COLOR_NAME = AccentColor;
				CODE_SIGN_STYLE = Automatic;
				CURRENT_PROJECT_VERSION = 1;
				GENERATE_INFOPLIST_FILE = YES;
				INFOPLIST_FILE = Marvel/Info.plist;
				INFOPLIST_KEY_UIApplicationSupportsIndirectInputEvents = YES;
				INFOPLIST_KEY_UILaunchStoryboardName = LaunchScreen;
				INFOPLIST_KEY_UISupportedInterfaceOrientations_iPad = "UIInterfaceOrientationPortrait UIInterfaceOrientationPortraitUpsideDown UIInterfaceOrientationLandscapeLeft UIInterfaceOrientationLandscapeRight";
				INFOPLIST_KEY_UISupportedInterfaceOrientations_iPhone = "UIInterfaceOrientationPortrait UIInterfaceOrientationLandscapeLeft UIInterfaceOrientationLandscapeRight";
				LD_RUNPATH_SEARCH_PATHS = (
					"$(inherited)",
					"@executable_path/Frameworks",
				);
				MARKETING_VERSION = 1.0;
				PRODUCT_BUNDLE_IDENTIFIER = com.atabany.Marvel;
				PRODUCT_NAME = "$(TARGET_NAME)";
				SWIFT_EMIT_LOC_STRINGS = YES;
				SWIFT_VERSION = 5.0;
				TARGETED_DEVICE_FAMILY = "1,2";
			};
			name = Release;
		};
		2D3B765F2843C0BA0047738E /* Debug */ = {
			isa = XCBuildConfiguration;
			baseConfigurationReference = 2D6883142843FE1F00295B2E /* Debug.xcconfig */;
			buildSettings = {
				ALWAYS_EMBED_SWIFT_STANDARD_LIBRARIES = YES;
				BUNDLE_LOADER = "$(TEST_HOST)";
				CODE_SIGN_STYLE = Automatic;
				CURRENT_PROJECT_VERSION = 1;
				GENERATE_INFOPLIST_FILE = YES;
				IPHONEOS_DEPLOYMENT_TARGET = 15.4;
				MARKETING_VERSION = 1.0;
				PRODUCT_BUNDLE_IDENTIFIER = com.atabany.MarvelTests;
				PRODUCT_NAME = "$(TARGET_NAME)";
				SWIFT_EMIT_LOC_STRINGS = NO;
				SWIFT_VERSION = 5.0;
				TARGETED_DEVICE_FAMILY = "1,2";
				TEST_HOST = "$(BUILT_PRODUCTS_DIR)/Marvel.app/Marvel";
			};
			name = Debug;
		};
		2D3B76602843C0BA0047738E /* Release */ = {
			isa = XCBuildConfiguration;
			baseConfigurationReference = 2D6883112843FDEB00295B2E /* Release.xcconfig */;
			buildSettings = {
				ALWAYS_EMBED_SWIFT_STANDARD_LIBRARIES = YES;
				BUNDLE_LOADER = "$(TEST_HOST)";
				CODE_SIGN_STYLE = Automatic;
				CURRENT_PROJECT_VERSION = 1;
				GENERATE_INFOPLIST_FILE = YES;
				IPHONEOS_DEPLOYMENT_TARGET = 15.4;
				MARKETING_VERSION = 1.0;
				PRODUCT_BUNDLE_IDENTIFIER = com.atabany.MarvelTests;
				PRODUCT_NAME = "$(TARGET_NAME)";
				SWIFT_EMIT_LOC_STRINGS = NO;
				SWIFT_VERSION = 5.0;
				TARGETED_DEVICE_FAMILY = "1,2";
				TEST_HOST = "$(BUILT_PRODUCTS_DIR)/Marvel.app/Marvel";
			};
			name = Release;
		};
		2D3B76622843C0BA0047738E /* Debug */ = {
			isa = XCBuildConfiguration;
			baseConfigurationReference = 2D6883142843FE1F00295B2E /* Debug.xcconfig */;
			buildSettings = {
				ALWAYS_EMBED_SWIFT_STANDARD_LIBRARIES = YES;
				CODE_SIGN_STYLE = Automatic;
				CURRENT_PROJECT_VERSION = 1;
				GENERATE_INFOPLIST_FILE = YES;
				MARKETING_VERSION = 1.0;
				PRODUCT_BUNDLE_IDENTIFIER = com.atabany.MarvelUITests;
				PRODUCT_NAME = "$(TARGET_NAME)";
				SWIFT_EMIT_LOC_STRINGS = NO;
				SWIFT_VERSION = 5.0;
				TARGETED_DEVICE_FAMILY = "1,2";
				TEST_TARGET_NAME = Marvel;
			};
			name = Debug;
		};
		2D3B76632843C0BA0047738E /* Release */ = {
			isa = XCBuildConfiguration;
			baseConfigurationReference = 2D6883112843FDEB00295B2E /* Release.xcconfig */;
			buildSettings = {
				ALWAYS_EMBED_SWIFT_STANDARD_LIBRARIES = YES;
				CODE_SIGN_STYLE = Automatic;
				CURRENT_PROJECT_VERSION = 1;
				GENERATE_INFOPLIST_FILE = YES;
				MARKETING_VERSION = 1.0;
				PRODUCT_BUNDLE_IDENTIFIER = com.atabany.MarvelUITests;
				PRODUCT_NAME = "$(TARGET_NAME)";
				SWIFT_EMIT_LOC_STRINGS = NO;
				SWIFT_VERSION = 5.0;
				TARGETED_DEVICE_FAMILY = "1,2";
				TEST_TARGET_NAME = Marvel;
			};
			name = Release;
		};
/* End XCBuildConfiguration section */

/* Begin XCConfigurationList section */
		2D3B762C2843C0BA0047738E /* Build configuration list for PBXProject "Marvel" */ = {
			isa = XCConfigurationList;
			buildConfigurations = (
				2D3B76592843C0BA0047738E /* Debug */,
				2D3B765A2843C0BA0047738E /* Release */,
			);
			defaultConfigurationIsVisible = 0;
			defaultConfigurationName = Release;
		};
		2D3B765B2843C0BA0047738E /* Build configuration list for PBXNativeTarget "Marvel" */ = {
			isa = XCConfigurationList;
			buildConfigurations = (
				2D3B765C2843C0BA0047738E /* Debug */,
				2D3B765D2843C0BA0047738E /* Release */,
			);
			defaultConfigurationIsVisible = 0;
			defaultConfigurationName = Release;
		};
		2D3B765E2843C0BA0047738E /* Build configuration list for PBXNativeTarget "MarvelTests" */ = {
			isa = XCConfigurationList;
			buildConfigurations = (
				2D3B765F2843C0BA0047738E /* Debug */,
				2D3B76602843C0BA0047738E /* Release */,
			);
			defaultConfigurationIsVisible = 0;
			defaultConfigurationName = Release;
		};
		2D3B76612843C0BA0047738E /* Build configuration list for PBXNativeTarget "MarvelUITests" */ = {
			isa = XCConfigurationList;
			buildConfigurations = (
				2D3B76622843C0BA0047738E /* Debug */,
				2D3B76632843C0BA0047738E /* Release */,
			);
			defaultConfigurationIsVisible = 0;
			defaultConfigurationName = Release;
		};
/* End XCConfigurationList section */
	};
	rootObject = 2D3B76292843C0BA0047738E /* Project object */;
}
